
Microsoft Visual Studio Solution File, Format Version 12.00
# Visual Studio 15
VisualStudioVersion = 15.0.27130.2027
MinimumVisualStudioVersion = 10.0.40219.1
Project("{FAE04EC0-301F-11D3-BF4B-00C04F79EFBC}") = "ConsoleApp1", "ConsoleApp1\ConsoleApp1.csproj", "{BE244834-5C44-44A8-A36A-F001AD482E85}"
EndProject
Global
	GlobalSection(SolutionConfigurationPlatforms) = preSolution
		Debug|Any CPU = Debug|Any CPU
		Release|Any CPU = Release|Any CPU
	EndGlobalSection
	GlobalSection(ProjectConfigurationPlatforms) = postSolution
		{BE244834-5C44-44A8-A36A-F001AD482E85}.Debug|Any CPU.ActiveCfg = Debug|Any CPU
		{BE244834-5C44-44A8-A36A-F001AD482E85}.Debug|Any CPU.Build.0 = Debug|Any CPU
		{BE244834-5C44-44A8-A36A-F001AD482E85}.Release|Any CPU.ActiveCfg = Release|Any CPU
		{BE244834-5C44-44A8-A36A-F001AD482E85}.Release|Any CPU.Build.0 = Release|Any CPU
	EndGlobalSection
	GlobalSection(SolutionProperties) = preSolution
		HideSolutionNode = FALSE
	EndGlobalSection
	GlobalSection(ExtensibilityGlobals) = postSolution
		SolutionGuid = {647787AE-F1BC-44C6-8496-3215ADFC43D2}
	EndGlobalSection
EndGlobal
